# THIS IS AN AUTOGENERATED FILE. DO NOT EDIT THIS FILE DIRECTLY.
# yarn lockfile v1


"@simple-network/core@^1.0.1":
  version "1.0.1"
  resolved "https://registry.yarnpkg.com/@simple-network/core/-/core-1.0.1.tgz#fd78e38c17b7a9cb34f99f2c17a45e089213bf4e"
  integrity sha512-yOYOXEF64xO6dUTqYlla6RPh6iPnlPSqxCK/2nPMHWE8hZwoIqdpufnpWPFcBz8xFTakHPThhT61JIqz+EDrFg==

"@types/node@^14.14.41":
  version "14.14.41"
  resolved "https://registry.yarnpkg.com/@types/node/-/node-14.14.41.tgz#d0b939d94c1d7bd53d04824af45f1139b8c45615"
  integrity sha512-dueRKfaJL4RTtSa7bWeTK1M+VH+Gns73oCgzvYfHZywRCoPSd8EkXBL0mZ9unPTveBn+D9phZBaxuzpwjWkW0g==
