# THIS IS AN AUTOGENERATED FILE. DO NOT EDIT THIS FILE DIRECTLY.
# yarn lockfile v1


"@simple-network/core@^1.0.4":
  version "1.0.4"
  resolved "https://registry.yarnpkg.com/@simple-network/core/-/core-1.0.4.tgz#d4c8e72f260cf743b297b6db29cd931d44aed879"
  integrity sha512-uzRP/yfodYNKg6lZWLGhzbE1dD7TVKUt50boM67XMIKVd5KxATVvSkq5V6XFwr4pnaaj8WegO2QXahBCMyvj1w==

"@types/node@^14.14.41":
  version "14.14.41"
  resolved "https://registry.yarnpkg.com/@types/node/-/node-14.14.41.tgz#d0b939d94c1d7bd53d04824af45f1139b8c45615"
  integrity sha512-dueRKfaJL4RTtSa7bWeTK1M+VH+Gns73oCgzvYfHZywRCoPSd8EkXBL0mZ9unPTveBn+D9phZBaxuzpwjWkW0g==
