# THIS IS AN AUTOGENERATED FILE. DO NOT EDIT THIS FILE DIRECTLY.
# yarn lockfile v1


"@simple-network/core@^1.0.3":
  version "1.0.3"
  resolved "https://registry.yarnpkg.com/@simple-network/core/-/core-1.0.3.tgz#b7e32dda2bed2a082490533065560a1dd8b4236f"
  integrity sha512-x7ihESWtLOsGOg5S7QZ5HjD3IfHs+VpwsXLRedN09x9a9iMNjkDCRNCEdHA0Y4KAR8VG7k3BMBc4mQi08yEB8A==

"@types/node@^14.14.41":
  version "14.14.41"
  resolved "https://registry.yarnpkg.com/@types/node/-/node-14.14.41.tgz#d0b939d94c1d7bd53d04824af45f1139b8c45615"
  integrity sha512-dueRKfaJL4RTtSa7bWeTK1M+VH+Gns73oCgzvYfHZywRCoPSd8EkXBL0mZ9unPTveBn+D9phZBaxuzpwjWkW0g==
